{
  "name": "migraine-cli",
  "version": "0.0.5",
  "lockfileVersion": 3,
  "requires": true,
  "packages": {
    "": {
      "name": "migraine-cli",
      "version": "0.0.5",
      "cpu": [
        "x64",
        "arm64"
      ],
      "hasInstallScript": true,
      "license": "MIT",
      "os": [
        "darwin",
        "linux"
      ],
      "bin": {
        "mig": "bin/migraine",
        "migraine": "bin/migraine"
      },
      "engines": {
        "node": ">=14"
      }
    }
  }
}
